
Microsoft Visual Studio Solution File, Format Version 12.00
# Visual Studio Version 16
VisualStudioVersion = 16.0.29709.97
MinimumVisualStudioVersion = 10.0.40219.1
Project("{9A19103F-16F7-4668-BE54-9A1E7A4F7556}") = "ChatServer", "ChatServer.csproj", "{84AE1D46-C614-4445-AC84-1E5D45DB1154}"
EndProject
Project("{9A19103F-16F7-4668-BE54-9A1E7A4F7556}") = "ChatClient", "..\ChatClient\ChatClient.csproj", "{92C7EB83-2739-424F-AF4D-CC30836E212C}"
EndProject
Project("{FAE04EC0-301F-11D3-BF4B-00C04F79EFBC}") = "ChatCore", "..\ChatCore\ChatCore.csproj", "{3551C6F6-5CC3-4F00-98AB-15C9AE1A7880}"
EndProject
Project("{FAE04EC0-301F-11D3-BF4B-00C04F79EFBC}") = "ChatCoreTest", "..\ChatCoreTest\ChatCoreTest.csproj", "{323062E9-DA2A-4297-8B16-922F22B64DA2}"
EndProject
Global
	GlobalSection(SolutionConfigurationPlatforms) = preSolution
		Debug|Any CPU = Debug|Any CPU
		Release|Any CPU = Release|Any CPU
	EndGlobalSection
	GlobalSection(ProjectConfigurationPlatforms) = postSolution
		{84AE1D46-C614-4445-AC84-1E5D45DB1154}.Debug|Any CPU.ActiveCfg = Debug|Any CPU
		{84AE1D46-C614-4445-AC84-1E5D45DB1154}.Debug|Any CPU.Build.0 = Debug|Any CPU
		{84AE1D46-C614-4445-AC84-1E5D45DB1154}.Release|Any CPU.ActiveCfg = Release|Any CPU
		{84AE1D46-C614-4445-AC84-1E5D45DB1154}.Release|Any CPU.Build.0 = Release|Any CPU
		{92C7EB83-2739-424F-AF4D-CC30836E212C}.Debug|Any CPU.ActiveCfg = Debug|Any CPU
		{92C7EB83-2739-424F-AF4D-CC30836E212C}.Debug|Any CPU.Build.0 = Debug|Any CPU
		{92C7EB83-2739-424F-AF4D-CC30836E212C}.Release|Any CPU.ActiveCfg = Release|Any CPU
		{92C7EB83-2739-424F-AF4D-CC30836E212C}.Release|Any CPU.Build.0 = Release|Any CPU
		{3551C6F6-5CC3-4F00-98AB-15C9AE1A7880}.Debug|Any CPU.ActiveCfg = Debug|Any CPU
		{3551C6F6-5CC3-4F00-98AB-15C9AE1A7880}.Debug|Any CPU.Build.0 = Debug|Any CPU
		{3551C6F6-5CC3-4F00-98AB-15C9AE1A7880}.Release|Any CPU.ActiveCfg = Release|Any CPU
		{3551C6F6-5CC3-4F00-98AB-15C9AE1A7880}.Release|Any CPU.Build.0 = Release|Any CPU
		{323062E9-DA2A-4297-8B16-922F22B64DA2}.Debug|Any CPU.ActiveCfg = Debug|Any CPU
		{323062E9-DA2A-4297-8B16-922F22B64DA2}.Debug|Any CPU.Build.0 = Debug|Any CPU
		{323062E9-DA2A-4297-8B16-922F22B64DA2}.Release|Any CPU.ActiveCfg = Release|Any CPU
		{323062E9-DA2A-4297-8B16-922F22B64DA2}.Release|Any CPU.Build.0 = Release|Any CPU
	EndGlobalSection
	GlobalSection(SolutionProperties) = preSolution
		HideSolutionNode = FALSE
	EndGlobalSection
	GlobalSection(ExtensibilityGlobals) = postSolution
		SolutionGuid = {BE021BE8-4CE7-4B58-930B-6E4E40650DA5}
	EndGlobalSection
EndGlobal
